
Microsoft Visual Studio Solution File, Format Version 12.00
# Visual Studio Version 16
VisualStudioVersion = 16.0.34601.136
MinimumVisualStudioVersion = 10.0.40219.1
Project("{FAE04EC0-301F-11D3-BF4B-00C04F79EFBC}") = "LMCIS-1DG4", "templatev1\LMCIS-1DG4.csproj", "{593CA109-A5B5-4855-94E6-1A87E3A713C7}"
EndProject
Global
	GlobalSection(SolutionConfigurationPlatforms) = preSolution
		Debug|Any CPU = Debug|Any CPU
		Release|Any CPU = Release|Any CPU
	EndGlobalSection
	GlobalSection(ProjectConfigurationPlatforms) = postSolution
		{593CA109-A5B5-4855-94E6-1A87E3A713C7}.Debug|Any CPU.ActiveCfg = Debug|Any CPU
		{593CA109-A5B5-4855-94E6-1A87E3A713C7}.Debug|Any CPU.Build.0 = Debug|Any CPU
		{593CA109-A5B5-4855-94E6-1A87E3A713C7}.Release|Any CPU.ActiveCfg = Release|Any CPU
		{593CA109-A5B5-4855-94E6-1A87E3A713C7}.Release|Any CPU.Build.0 = Release|Any CPU
	EndGlobalSection
	GlobalSection(SolutionProperties) = preSolution
		HideSolutionNode = FALSE
	EndGlobalSection
	GlobalSection(ExtensibilityGlobals) = postSolution
		SolutionGuid = {443CD5F1-6A89-46D5-B19C-E0511DAC681C}
	EndGlobalSection
EndGlobal
