
Microsoft Visual Studio Solution File, Format Version 12.00
# Visual Studio Version 17
VisualStudioVersion = 17.10.34928.147
MinimumVisualStudioVersion = 10.0.40219.1
Project("{FAE04EC0-301F-11D3-BF4B-00C04F79EFBC}") = "LMCIS-1DG4", "templatev1\LMCIS-1DG4.csproj", "{593CA109-A5B5-4855-94E6-1A87E3A713C7}"
EndProject
Project("{FAE04EC0-301F-11D3-BF4B-00C04F79EFBC}") = "controller", "templatev1\lib\controller\controller\controller.csproj", "{795B0300-8375-4599-A4AF-38A88EAB2F07}"
EndProject
Project("{FAE04EC0-301F-11D3-BF4B-00C04F79EFBC}") = "TestController", "TestController\TestController.csproj", "{73DE4ED1-0F28-41D7-ADC6-9EDAEFF36BBE}"
EndProject
Global
	GlobalSection(SolutionConfigurationPlatforms) = preSolution
		Debug|Any CPU = Debug|Any CPU
		Debug|x64 = Debug|x64
		Release|Any CPU = Release|Any CPU
		Release|x64 = Release|x64
	EndGlobalSection
	GlobalSection(ProjectConfigurationPlatforms) = postSolution
		{593CA109-A5B5-4855-94E6-1A87E3A713C7}.Debug|Any CPU.ActiveCfg = Debug|Any CPU
		{593CA109-A5B5-4855-94E6-1A87E3A713C7}.Debug|Any CPU.Build.0 = Debug|Any CPU
		{593CA109-A5B5-4855-94E6-1A87E3A713C7}.Debug|x64.ActiveCfg = Debug|x64
		{593CA109-A5B5-4855-94E6-1A87E3A713C7}.Debug|x64.Build.0 = Debug|x64
		{593CA109-A5B5-4855-94E6-1A87E3A713C7}.Release|Any CPU.ActiveCfg = Release|Any CPU
		{593CA109-A5B5-4855-94E6-1A87E3A713C7}.Release|Any CPU.Build.0 = Release|Any CPU
		{593CA109-A5B5-4855-94E6-1A87E3A713C7}.Release|x64.ActiveCfg = Release|x64
		{593CA109-A5B5-4855-94E6-1A87E3A713C7}.Release|x64.Build.0 = Release|x64
		{795B0300-8375-4599-A4AF-38A88EAB2F07}.Debug|Any CPU.ActiveCfg = Debug|Any CPU
		{795B0300-8375-4599-A4AF-38A88EAB2F07}.Debug|Any CPU.Build.0 = Debug|Any CPU
		{795B0300-8375-4599-A4AF-38A88EAB2F07}.Debug|x64.ActiveCfg = Debug|x64
		{795B0300-8375-4599-A4AF-38A88EAB2F07}.Debug|x64.Build.0 = Debug|x64
		{795B0300-8375-4599-A4AF-38A88EAB2F07}.Release|Any CPU.ActiveCfg = Release|Any CPU
		{795B0300-8375-4599-A4AF-38A88EAB2F07}.Release|Any CPU.Build.0 = Release|Any CPU
		{795B0300-8375-4599-A4AF-38A88EAB2F07}.Release|x64.ActiveCfg = Release|x64
		{795B0300-8375-4599-A4AF-38A88EAB2F07}.Release|x64.Build.0 = Release|x64
		{73DE4ED1-0F28-41D7-ADC6-9EDAEFF36BBE}.Debug|Any CPU.ActiveCfg = Debug|Any CPU
		{73DE4ED1-0F28-41D7-ADC6-9EDAEFF36BBE}.Debug|Any CPU.Build.0 = Debug|Any CPU
		{73DE4ED1-0F28-41D7-ADC6-9EDAEFF36BBE}.Debug|x64.ActiveCfg = Debug|Any CPU
		{73DE4ED1-0F28-41D7-ADC6-9EDAEFF36BBE}.Debug|x64.Build.0 = Debug|Any CPU
		{73DE4ED1-0F28-41D7-ADC6-9EDAEFF36BBE}.Release|Any CPU.ActiveCfg = Release|Any CPU
		{73DE4ED1-0F28-41D7-ADC6-9EDAEFF36BBE}.Release|Any CPU.Build.0 = Release|Any CPU
	EndGlobalSection
	GlobalSection(SolutionProperties) = preSolution
		HideSolutionNode = FALSE
	EndGlobalSection
	GlobalSection(ExtensibilityGlobals) = postSolution
		SolutionGuid = {443CD5F1-6A89-46D5-B19C-E0511DAC681C}
	EndGlobalSection
EndGlobal
